
Microsoft Visual Studio Solution File, Format Version 12.00
# Visual Studio Version 17
VisualStudioVersion = 17.6.33829.357
MinimumVisualStudioVersion = 10.0.40219.1
Project("{9A19103F-16F7-4668-BE54-9A1E7A4F7556}") = "UploadFilesProject", "UploadFilesProject\UploadFilesProject.csproj", "{454671F0-83D8-43D5-87B6-A4C5120A599C}"
EndProject
Project("{9A19103F-16F7-4668-BE54-9A1E7A4F7556}") = "UploadFilesProject.Models", "UploadFilesProject.Models\UploadFilesProject.Models.csproj", "{DA9EF82A-DA60-4A55-B047-70ED68544A7F}"
EndProject
Project("{9A19103F-16F7-4668-BE54-9A1E7A4F7556}") = "UploadFilesProject.Data", "UploadFilesProject.Data\UploadFilesProject.Data.csproj", "{ECFA2603-A431-4742-9B1E-81E9E9B48A79}"
EndProject
Project("{9A19103F-16F7-4668-BE54-9A1E7A4F7556}") = "UploadFilesProject.Repositories", "UploadFilesProject.Repositories\UploadFilesProject.Repositories.csproj", "{2BEE62DD-D3C3-4911-B876-C36DF314B72E}"
EndProject
Global
	GlobalSection(SolutionConfigurationPlatforms) = preSolution
		Debug|Any CPU = Debug|Any CPU
		Release|Any CPU = Release|Any CPU
	EndGlobalSection
	GlobalSection(ProjectConfigurationPlatforms) = postSolution
		{454671F0-83D8-43D5-87B6-A4C5120A599C}.Debug|Any CPU.ActiveCfg = Debug|Any CPU
		{454671F0-83D8-43D5-87B6-A4C5120A599C}.Debug|Any CPU.Build.0 = Debug|Any CPU
		{454671F0-83D8-43D5-87B6-A4C5120A599C}.Release|Any CPU.ActiveCfg = Release|Any CPU
		{454671F0-83D8-43D5-87B6-A4C5120A599C}.Release|Any CPU.Build.0 = Release|Any CPU
		{DA9EF82A-DA60-4A55-B047-70ED68544A7F}.Debug|Any CPU.ActiveCfg = Debug|Any CPU
		{DA9EF82A-DA60-4A55-B047-70ED68544A7F}.Debug|Any CPU.Build.0 = Debug|Any CPU
		{DA9EF82A-DA60-4A55-B047-70ED68544A7F}.Release|Any CPU.ActiveCfg = Release|Any CPU
		{DA9EF82A-DA60-4A55-B047-70ED68544A7F}.Release|Any CPU.Build.0 = Release|Any CPU
		{ECFA2603-A431-4742-9B1E-81E9E9B48A79}.Debug|Any CPU.ActiveCfg = Debug|Any CPU
		{ECFA2603-A431-4742-9B1E-81E9E9B48A79}.Debug|Any CPU.Build.0 = Debug|Any CPU
		{ECFA2603-A431-4742-9B1E-81E9E9B48A79}.Release|Any CPU.ActiveCfg = Release|Any CPU
		{ECFA2603-A431-4742-9B1E-81E9E9B48A79}.Release|Any CPU.Build.0 = Release|Any CPU
		{2BEE62DD-D3C3-4911-B876-C36DF314B72E}.Debug|Any CPU.ActiveCfg = Debug|Any CPU
		{2BEE62DD-D3C3-4911-B876-C36DF314B72E}.Debug|Any CPU.Build.0 = Debug|Any CPU
		{2BEE62DD-D3C3-4911-B876-C36DF314B72E}.Release|Any CPU.ActiveCfg = Release|Any CPU
		{2BEE62DD-D3C3-4911-B876-C36DF314B72E}.Release|Any CPU.Build.0 = Release|Any CPU
	EndGlobalSection
	GlobalSection(SolutionProperties) = preSolution
		HideSolutionNode = FALSE
	EndGlobalSection
	GlobalSection(ExtensibilityGlobals) = postSolution
		SolutionGuid = {D3216991-36D5-4C11-BF8A-8E4592FFB1A0}
	EndGlobalSection
EndGlobal
